
Microsoft Visual Studio Solution File, Format Version 12.00
# Visual Studio Version 17
VisualStudioVersion = 17.10.35027.167
MinimumVisualStudioVersion = 10.0.40219.1
Project("{FAE04EC0-301F-11D3-BF4B-00C04F79EFBC}") = "pokedex-web", "pokedex-web\pokedex-web.csproj", "{20F999DF-4131-4A82-BD4C-D7140967F17D}"
EndProject
Project("{FAE04EC0-301F-11D3-BF4B-00C04F79EFBC}") = "dominio", "..\dominio\dominio.csproj", "{3C650A68-ECD0-4FA6-97F5-DF3CC37E15CD}"
EndProject
Project("{FAE04EC0-301F-11D3-BF4B-00C04F79EFBC}") = "negocio", "..\Negocio\negocio.csproj", "{23828818-F487-4980-8D08-AB7E0C80B4F4}"
EndProject
Global
	GlobalSection(SolutionConfigurationPlatforms) = preSolution
		Debug|Any CPU = Debug|Any CPU
		Release|Any CPU = Release|Any CPU
	EndGlobalSection
	GlobalSection(ProjectConfigurationPlatforms) = postSolution
		{20F999DF-4131-4A82-BD4C-D7140967F17D}.Debug|Any CPU.ActiveCfg = Debug|Any CPU
		{20F999DF-4131-4A82-BD4C-D7140967F17D}.Debug|Any CPU.Build.0 = Debug|Any CPU
		{20F999DF-4131-4A82-BD4C-D7140967F17D}.Release|Any CPU.ActiveCfg = Release|Any CPU
		{20F999DF-4131-4A82-BD4C-D7140967F17D}.Release|Any CPU.Build.0 = Release|Any CPU
		{3C650A68-ECD0-4FA6-97F5-DF3CC37E15CD}.Debug|Any CPU.ActiveCfg = Debug|Any CPU
		{3C650A68-ECD0-4FA6-97F5-DF3CC37E15CD}.Debug|Any CPU.Build.0 = Debug|Any CPU
		{3C650A68-ECD0-4FA6-97F5-DF3CC37E15CD}.Release|Any CPU.ActiveCfg = Release|Any CPU
		{3C650A68-ECD0-4FA6-97F5-DF3CC37E15CD}.Release|Any CPU.Build.0 = Release|Any CPU
		{23828818-F487-4980-8D08-AB7E0C80B4F4}.Debug|Any CPU.ActiveCfg = Debug|Any CPU
		{23828818-F487-4980-8D08-AB7E0C80B4F4}.Debug|Any CPU.Build.0 = Debug|Any CPU
		{23828818-F487-4980-8D08-AB7E0C80B4F4}.Release|Any CPU.ActiveCfg = Release|Any CPU
		{23828818-F487-4980-8D08-AB7E0C80B4F4}.Release|Any CPU.Build.0 = Release|Any CPU
	EndGlobalSection
	GlobalSection(SolutionProperties) = preSolution
		HideSolutionNode = FALSE
	EndGlobalSection
	GlobalSection(ExtensibilityGlobals) = postSolution
		SolutionGuid = {CC3D6FB2-D0B3-4A46-A653-54B0E8F86775}
	EndGlobalSection
EndGlobal
